
Microsoft Visual Studio Solution File, Format Version 12.00
# Visual Studio Version 17
VisualStudioVersion = 17.11.35219.272
MinimumVisualStudioVersion = 10.0.40219.1
Project("{8BC9CEB8-8B4A-11D0-8D11-00A0C91BC942}") = "Antroji praktinė užduotis", "Antroji praktinė užduotis\Antroji praktinė užduotis.vcxproj", "{EB57F7E1-4C68-4BA7-BA3C-2278F9364691}"
EndProject
Global
	GlobalSection(SolutionConfigurationPlatforms) = preSolution
		Debug|x64 = Debug|x64
		Debug|x86 = Debug|x86
		Release|x64 = Release|x64
		Release|x86 = Release|x86
	EndGlobalSection
	GlobalSection(ProjectConfigurationPlatforms) = postSolution
		{EB57F7E1-4C68-4BA7-BA3C-2278F9364691}.Debug|x64.ActiveCfg = Debug|x64
		{EB57F7E1-4C68-4BA7-BA3C-2278F9364691}.Debug|x64.Build.0 = Debug|x64
		{EB57F7E1-4C68-4BA7-BA3C-2278F9364691}.Debug|x86.ActiveCfg = Debug|Win32
		{EB57F7E1-4C68-4BA7-BA3C-2278F9364691}.Debug|x86.Build.0 = Debug|Win32
		{EB57F7E1-4C68-4BA7-BA3C-2278F9364691}.Release|x64.ActiveCfg = Release|x64
		{EB57F7E1-4C68-4BA7-BA3C-2278F9364691}.Release|x64.Build.0 = Release|x64
		{EB57F7E1-4C68-4BA7-BA3C-2278F9364691}.Release|x86.ActiveCfg = Release|Win32
		{EB57F7E1-4C68-4BA7-BA3C-2278F9364691}.Release|x86.Build.0 = Release|Win32
	EndGlobalSection
	GlobalSection(SolutionProperties) = preSolution
		HideSolutionNode = FALSE
	EndGlobalSection
	GlobalSection(ExtensibilityGlobals) = postSolution
		SolutionGuid = {732A3CAA-6CB4-482A-8253-822BC1566EC3}
	EndGlobalSection
EndGlobal
